
Microsoft Visual Studio Solution File, Format Version 12.00
# Visual Studio Version 17
VisualStudioVersion = 17.10.34916.146
MinimumVisualStudioVersion = 10.0.40219.1
Project("{9A19103F-16F7-4668-BE54-9A1E7A4F7556}") = "istWebAPI_ImageRec", "istWebAPI_ImageRec.csproj", "{D1249A35-2BD2-49E8-9909-0642AFC6C341}"
EndProject
Project("{9A19103F-16F7-4668-BE54-9A1E7A4F7556}") = "DemoUi", "..\DemoUi\DemoUi.csproj", "{A961AF6D-D0A2-4A69-9EB8-4301EAAC6795}"
EndProject
Global
	GlobalSection(SolutionConfigurationPlatforms) = preSolution
		Debug|Any CPU = Debug|Any CPU
		Release|Any CPU = Release|Any CPU
	EndGlobalSection
	GlobalSection(ProjectConfigurationPlatforms) = postSolution
		{D1249A35-2BD2-49E8-9909-0642AFC6C341}.Debug|Any CPU.ActiveCfg = Debug|Any CPU
		{D1249A35-2BD2-49E8-9909-0642AFC6C341}.Debug|Any CPU.Build.0 = Debug|Any CPU
		{D1249A35-2BD2-49E8-9909-0642AFC6C341}.Release|Any CPU.ActiveCfg = Release|Any CPU
		{D1249A35-2BD2-49E8-9909-0642AFC6C341}.Release|Any CPU.Build.0 = Release|Any CPU
		{A961AF6D-D0A2-4A69-9EB8-4301EAAC6795}.Debug|Any CPU.ActiveCfg = Debug|Any CPU
		{A961AF6D-D0A2-4A69-9EB8-4301EAAC6795}.Debug|Any CPU.Build.0 = Debug|Any CPU
		{A961AF6D-D0A2-4A69-9EB8-4301EAAC6795}.Release|Any CPU.ActiveCfg = Release|Any CPU
		{A961AF6D-D0A2-4A69-9EB8-4301EAAC6795}.Release|Any CPU.Build.0 = Release|Any CPU
	EndGlobalSection
	GlobalSection(SolutionProperties) = preSolution
		HideSolutionNode = FALSE
	EndGlobalSection
	GlobalSection(ExtensibilityGlobals) = postSolution
		SolutionGuid = {679B926F-8811-40B6-A482-30A5022D6157}
	EndGlobalSection
EndGlobal
